
Microsoft Visual Studio Solution File, Format Version 12.00
# Visual Studio Version 16
VisualStudioVersion = 16.0.30804.86
MinimumVisualStudioVersion = 10.0.40219.1
Project("{FAE04EC0-301F-11D3-BF4B-00C04F79EFBC}") = "DepremsizHayat.Business", "DepremsizHayat.Business\DepremsizHayat.Business.csproj", "{E50D2179-10A8-40BE-AAAF-3872AD0E88A8}"
EndProject
Project("{FAE04EC0-301F-11D3-BF4B-00C04F79EFBC}") = "DepremsizHayat.Api", "DepremsizHayat.Api\DepremsizHayat.Api.csproj", "{9F4B9581-129E-4882-AEE8-0C1D7C802FF2}"
EndProject
Project("{FAE04EC0-301F-11D3-BF4B-00C04F79EFBC}") = "DepremsizHayat.App", "DepremsizHayat.App\DepremsizHayat.App.csproj", "{F1313C12-3C79-4F0C-AE0D-AAF6E680044F}"
EndProject
Project("{FAE04EC0-301F-11D3-BF4B-00C04F79EFBC}") = "DepremsizHayat.DataAccess", "DepremsizHayat.DataAccess\DepremsizHayat.DataAccess.csproj", "{608C229D-B667-4565-AEAE-7A1A961C807D}"
EndProject
Project("{FAE04EC0-301F-11D3-BF4B-00C04F79EFBC}") = "DepremsizHayat.DTO", "DepremsizHayat.DTO\DepremsizHayat.DTO.csproj", "{27CDF5E9-804B-4A43-B089-F0C4AD7038DC}"
EndProject
Project("{FAE04EC0-301F-11D3-BF4B-00C04F79EFBC}") = "DepremsizHayat.Security", "DepremsizHayat.Security\DepremsizHayat.Security.csproj", "{2A7D843B-695D-4DCD-8801-37595C881DDB}"
EndProject
Project("{FAE04EC0-301F-11D3-BF4B-00C04F79EFBC}") = "DepremsizHayat.Utility", "DepremsizHayat.Utility\DepremsizHayat.Utility.csproj", "{2DD9E118-2A10-464B-99CB-6A6214B8D97D}"
EndProject
Project("{FAE04EC0-301F-11D3-BF4B-00C04F79EFBC}") = "DepremsizHayat.Job", "DepremsizHayat.Job\DepremsizHayat.Job.csproj", "{3618D320-8DCD-405B-AA9C-4A7A2566EDD3}"
EndProject
Project("{FAE04EC0-301F-11D3-BF4B-00C04F79EFBC}") = "DepremsizHayat.Admin", "DepremsizHayat.Admin\DepremsizHayat.Admin.csproj", "{5BA11021-E984-422E-9D63-A3887F0E8B8E}"
EndProject
Project("{FAE04EC0-301F-11D3-BF4B-00C04F79EFBC}") = "DepremsizHayat.Resources", "DepremsizHayat.Resources\DepremsizHayat.Resources.csproj", "{FBC6D39A-2F2B-44D5-A863-5D15783DFCA7}"
EndProject
Project("{FAE04EC0-301F-11D3-BF4B-00C04F79EFBC}") = "DepremsizHayat.Com", "DepremsizHayat.Com\DepremsizHayat.Com.csproj", "{29D4845B-318B-4390-97CE-0DB297557AC4}"
EndProject
Global
	GlobalSection(SolutionConfigurationPlatforms) = preSolution
		Debug|Any CPU = Debug|Any CPU
		Release|Any CPU = Release|Any CPU
	EndGlobalSection
	GlobalSection(ProjectConfigurationPlatforms) = postSolution
		{E50D2179-10A8-40BE-AAAF-3872AD0E88A8}.Debug|Any CPU.ActiveCfg = Debug|Any CPU
		{E50D2179-10A8-40BE-AAAF-3872AD0E88A8}.Debug|Any CPU.Build.0 = Debug|Any CPU
		{E50D2179-10A8-40BE-AAAF-3872AD0E88A8}.Release|Any CPU.ActiveCfg = Release|Any CPU
		{E50D2179-10A8-40BE-AAAF-3872AD0E88A8}.Release|Any CPU.Build.0 = Release|Any CPU
		{9F4B9581-129E-4882-AEE8-0C1D7C802FF2}.Debug|Any CPU.ActiveCfg = Debug|Any CPU
		{9F4B9581-129E-4882-AEE8-0C1D7C802FF2}.Debug|Any CPU.Build.0 = Debug|Any CPU
		{9F4B9581-129E-4882-AEE8-0C1D7C802FF2}.Release|Any CPU.ActiveCfg = Release|Any CPU
		{9F4B9581-129E-4882-AEE8-0C1D7C802FF2}.Release|Any CPU.Build.0 = Release|Any CPU
		{F1313C12-3C79-4F0C-AE0D-AAF6E680044F}.Debug|Any CPU.ActiveCfg = Debug|Any CPU
		{F1313C12-3C79-4F0C-AE0D-AAF6E680044F}.Debug|Any CPU.Build.0 = Debug|Any CPU
		{F1313C12-3C79-4F0C-AE0D-AAF6E680044F}.Release|Any CPU.ActiveCfg = Release|Any CPU
		{F1313C12-3C79-4F0C-AE0D-AAF6E680044F}.Release|Any CPU.Build.0 = Release|Any CPU
		{608C229D-B667-4565-AEAE-7A1A961C807D}.Debug|Any CPU.ActiveCfg = Debug|Any CPU
		{608C229D-B667-4565-AEAE-7A1A961C807D}.Debug|Any CPU.Build.0 = Debug|Any CPU
		{608C229D-B667-4565-AEAE-7A1A961C807D}.Release|Any CPU.ActiveCfg = Release|Any CPU
		{608C229D-B667-4565-AEAE-7A1A961C807D}.Release|Any CPU.Build.0 = Release|Any CPU
		{27CDF5E9-804B-4A43-B089-F0C4AD7038DC}.Debug|Any CPU.ActiveCfg = Debug|Any CPU
		{27CDF5E9-804B-4A43-B089-F0C4AD7038DC}.Debug|Any CPU.Build.0 = Debug|Any CPU
		{27CDF5E9-804B-4A43-B089-F0C4AD7038DC}.Release|Any CPU.ActiveCfg = Release|Any CPU
		{27CDF5E9-804B-4A43-B089-F0C4AD7038DC}.Release|Any CPU.Build.0 = Release|Any CPU
		{2A7D843B-695D-4DCD-8801-37595C881DDB}.Debug|Any CPU.ActiveCfg = Debug|Any CPU
		{2A7D843B-695D-4DCD-8801-37595C881DDB}.Debug|Any CPU.Build.0 = Debug|Any CPU
		{2A7D843B-695D-4DCD-8801-37595C881DDB}.Release|Any CPU.ActiveCfg = Release|Any CPU
		{2A7D843B-695D-4DCD-8801-37595C881DDB}.Release|Any CPU.Build.0 = Release|Any CPU
		{2DD9E118-2A10-464B-99CB-6A6214B8D97D}.Debug|Any CPU.ActiveCfg = Debug|Any CPU
		{2DD9E118-2A10-464B-99CB-6A6214B8D97D}.Debug|Any CPU.Build.0 = Debug|Any CPU
		{2DD9E118-2A10-464B-99CB-6A6214B8D97D}.Release|Any CPU.ActiveCfg = Release|Any CPU
		{2DD9E118-2A10-464B-99CB-6A6214B8D97D}.Release|Any CPU.Build.0 = Release|Any CPU
		{3618D320-8DCD-405B-AA9C-4A7A2566EDD3}.Debug|Any CPU.ActiveCfg = Debug|Any CPU
		{3618D320-8DCD-405B-AA9C-4A7A2566EDD3}.Debug|Any CPU.Build.0 = Debug|Any CPU
		{3618D320-8DCD-405B-AA9C-4A7A2566EDD3}.Release|Any CPU.ActiveCfg = Release|Any CPU
		{3618D320-8DCD-405B-AA9C-4A7A2566EDD3}.Release|Any CPU.Build.0 = Release|Any CPU
		{5BA11021-E984-422E-9D63-A3887F0E8B8E}.Debug|Any CPU.ActiveCfg = Debug|Any CPU
		{5BA11021-E984-422E-9D63-A3887F0E8B8E}.Debug|Any CPU.Build.0 = Debug|Any CPU
		{5BA11021-E984-422E-9D63-A3887F0E8B8E}.Release|Any CPU.ActiveCfg = Release|Any CPU
		{5BA11021-E984-422E-9D63-A3887F0E8B8E}.Release|Any CPU.Build.0 = Release|Any CPU
		{FBC6D39A-2F2B-44D5-A863-5D15783DFCA7}.Debug|Any CPU.ActiveCfg = Debug|Any CPU
		{FBC6D39A-2F2B-44D5-A863-5D15783DFCA7}.Debug|Any CPU.Build.0 = Debug|Any CPU
		{FBC6D39A-2F2B-44D5-A863-5D15783DFCA7}.Release|Any CPU.ActiveCfg = Release|Any CPU
		{FBC6D39A-2F2B-44D5-A863-5D15783DFCA7}.Release|Any CPU.Build.0 = Release|Any CPU
		{29D4845B-318B-4390-97CE-0DB297557AC4}.Debug|Any CPU.ActiveCfg = Debug|Any CPU
		{29D4845B-318B-4390-97CE-0DB297557AC4}.Debug|Any CPU.Build.0 = Debug|Any CPU
		{29D4845B-318B-4390-97CE-0DB297557AC4}.Release|Any CPU.ActiveCfg = Release|Any CPU
		{29D4845B-318B-4390-97CE-0DB297557AC4}.Release|Any CPU.Build.0 = Release|Any CPU
	EndGlobalSection
	GlobalSection(SolutionProperties) = preSolution
		HideSolutionNode = FALSE
	EndGlobalSection
	GlobalSection(ExtensibilityGlobals) = postSolution
		SolutionGuid = {CDDF10FA-9712-4D66-A0B4-3E81DF29A72D}
	EndGlobalSection
EndGlobal
